
Microsoft Visual Studio Solution File, Format Version 11.00
# Visual Studio 2010
Project("{E24C65DC-7377-472B-9ABA-BC803B73C61A}") = "WebPortal", "WebPortal", "{9C82D878-F086-49F1-BB57-E7BD347B0A49}"
	ProjectSection(WebsiteProperties) = preProject
		SccProjectName = "SAK"
		SccAuxPath = "SAK"
		SccLocalPath = "SAK"
		SccProvider = "SAK"
		TargetFrameworkMoniker = ".NETFramework,Version%3Dv3.5"
		ProjectReferences = ""
		Debug.AspNetCompiler.VirtualPath = "/WebPortal"
		Debug.AspNetCompiler.PhysicalPath = "WebPortal\"
		Debug.AspNetCompiler.TargetPath = "PrecompiledWeb\WebPortal\"
		Debug.AspNetCompiler.Updateable = "true"
		Debug.AspNetCompiler.ForceOverwrite = "true"
		Debug.AspNetCompiler.FixedNames = "false"
		Debug.AspNetCompiler.Debug = "True"
		Release.AspNetCompiler.VirtualPath = "/WebPortal"
		Release.AspNetCompiler.PhysicalPath = "WebPortal\"
		Release.AspNetCompiler.TargetPath = "PrecompiledWeb\WebPortal\"
		Release.AspNetCompiler.Updateable = "true"
		Release.AspNetCompiler.ForceOverwrite = "true"
		Release.AspNetCompiler.FixedNames = "false"
		Release.AspNetCompiler.Debug = "False"
		VWDPort = "20000"
		VWDDynamicPort = "false"
	EndProjectSection
EndProject
Global
	GlobalSection(TeamFoundationVersionControl) = preSolution
		SccNumberOfProjects = 6
		SccEnterpriseProvider = {4CA58AB2-18FA-4F8D-95D4-32DDF27D184C}
		SccTeamFoundationServer = http://172.17.200.124:9090/tfs/moso_websuite
		SccLocalPath0 = .
		SccProjectUniqueName1 = Common\\Common.csproj
		SccProjectName1 = Common
		SccLocalPath1 = Common
		SccProjectUniqueName2 = DataAccess\\DataAccess.csproj
		SccProjectName2 = DataAccess
		SccLocalPath2 = DataAccess
		SccProjectUniqueName3 = BusinessEntities\\BusinessEntities.csproj
		SccProjectName3 = BusinessEntities
		SccLocalPath3 = BusinessEntities
		SccProjectUniqueName4 = BusinessLogic\\BusinessLogic.csproj
		SccProjectName4 = BusinessLogic
		SccLocalPath4 = BusinessLogic
		SccWebProject5 = true
		SccProjectUniqueName5 = WebPortal
		SccProjectName5 = WebPortal
		SccLocalPath5 = WebPortal
		SccProjectEnlistmentChoice5 = 2
	EndGlobalSection
	GlobalSection(SolutionConfigurationPlatforms) = preSolution
		Debug|Any CPU = Debug|Any CPU
		Release|Any CPU = Release|Any CPU
	EndGlobalSection
	GlobalSection(ProjectConfigurationPlatforms) = postSolution
		{9C82D878-F086-49F1-BB57-E7BD347B0A49}.Debug|Any CPU.ActiveCfg = Debug|Any CPU
		{9C82D878-F086-49F1-BB57-E7BD347B0A49}.Debug|Any CPU.Build.0 = Debug|Any CPU
		{9C82D878-F086-49F1-BB57-E7BD347B0A49}.Release|Any CPU.ActiveCfg = Debug|Any CPU
		{9C82D878-F086-49F1-BB57-E7BD347B0A49}.Release|Any CPU.Build.0 = Debug|Any CPU
	EndGlobalSection
	GlobalSection(SolutionProperties) = preSolution
		HideSolutionNode = FALSE
	EndGlobalSection
EndGlobal
