
Microsoft Visual Studio Solution File, Format Version 11.00
# Visual Studio 2010
Project("{E24C65DC-7377-472B-9ABA-BC803B73C61A}") = "WebPortal", "WebPortal\", "{9C82D878-F086-49F1-BB57-E7BD347B0A49}"
	ProjectSection(WebsiteProperties) = preProject
		SccProjectName = "Svn"
		SccAuxPath = "Svn"
		SccLocalPath = "Svn"
		SccProvider = "SubversionScc"
		TargetFrameworkMoniker = ".NETFramework,Version%3Dv3.5"
		ProjectReferences = ""
		Debug.AspNetCompiler.VirtualPath = "/WebPortal"
		Debug.AspNetCompiler.PhysicalPath = "WebPortal\"
		Debug.AspNetCompiler.TargetPath = "PrecompiledWeb\WebPortal\"
		Debug.AspNetCompiler.Updateable = "true"
		Debug.AspNetCompiler.ForceOverwrite = "true"
		Debug.AspNetCompiler.FixedNames = "false"
		Debug.AspNetCompiler.Debug = "True"
		Release.AspNetCompiler.VirtualPath = "/WebPortal"
		Release.AspNetCompiler.PhysicalPath = "WebPortal\"
		Release.AspNetCompiler.TargetPath = "PrecompiledWeb\WebPortal\"
		Release.AspNetCompiler.Updateable = "true"
		Release.AspNetCompiler.ForceOverwrite = "true"
		Release.AspNetCompiler.FixedNames = "false"
		Release.AspNetCompiler.Debug = "False"
		VWDPort = "20000"
		VWDDynamicPort = "false"
	EndProjectSection
	ProjectSection(SvnOrigin) = preProject
		@Keys = Enlist,Svn.Uri
		Enlist = Required
		Svn.Uri = WebPortal/
	EndProjectSection
	ProjectSection(ProjectDependencies) = postProject
		{4707D748-FAAD-4A25-8107-E05C5CDA9136} = {4707D748-FAAD-4A25-8107-E05C5CDA9136}
	EndProjectSection
EndProject
Project("{FAE04EC0-301F-11D3-BF4B-00C04F79EFBC}") = "SOAPServices", "SOAPServices\SOAPServices.csproj", "{4707D748-FAAD-4A25-8107-E05C5CDA9136}"
EndProject
Project("{2150E333-8FDC-42A3-9474-1A3956D46DE8}") = "Librerias", "Librerias", "{5A080222-D583-48BC-B17D-0CBD228572C8}"
	ProjectSection(SolutionItems) = preProject
		Librerias\Iesi.Collections.dll = Librerias\Iesi.Collections.dll
		Librerias\NHibernate.dll = Librerias\NHibernate.dll
	EndProjectSection
EndProject
Project("{FAE04EC0-301F-11D3-BF4B-00C04F79EFBC}") = "SOAPServicesTest", "SOAPServicesTest\SOAPServicesTest.csproj", "{5EAEA062-E23B-45D5-87F8-1CD8177E4CEC}"
	ProjectSection(ProjectDependencies) = postProject
		{4707D748-FAAD-4A25-8107-E05C5CDA9136} = {4707D748-FAAD-4A25-8107-E05C5CDA9136}
	EndProjectSection
EndProject
Project("{2150E333-8FDC-42A3-9474-1A3956D46DE8}") = "Solution Items", "Solution Items", "{82B9730B-0317-49C9-B22C-2407382C9158}"
	ProjectSection(SolutionItems) = preProject
		DentalSuite.vsmdi = DentalSuite.vsmdi
		Local.testsettings = Local.testsettings
		TraceAndTestImpact.testsettings = TraceAndTestImpact.testsettings
	EndProjectSection
EndProject
Project("{FAE04EC0-301F-11D3-BF4B-00C04F79EFBC}") = "RestService", "RestService\RestService.csproj", "{8E631585-341A-4283-8BFF-0C8C78C342B7}"
EndProject
Project("{FAE04EC0-301F-11D3-BF4B-00C04F79EFBC}") = "RestServiceTest", "RestServiceTest\RestServiceTest.csproj", "{E5C981A9-3CDE-494E-92A5-14A34FF25C0A}"
EndProject
Global
	GlobalSection(SubversionScc) = preSolution
		Svn-Managed = True
		Manager = AnkhSVN - Subversion Support for Visual Studio
	EndGlobalSection
	GlobalSection(TestCaseManagementSettings) = postSolution
		CategoryFile = DentalSuite.vsmdi
	EndGlobalSection
	GlobalSection(SolutionConfigurationPlatforms) = preSolution
		Debug|Any CPU = Debug|Any CPU
		Release|Any CPU = Release|Any CPU
	EndGlobalSection
	GlobalSection(ProjectConfigurationPlatforms) = postSolution
		{9C82D878-F086-49F1-BB57-E7BD347B0A49}.Debug|Any CPU.ActiveCfg = Debug|Any CPU
		{9C82D878-F086-49F1-BB57-E7BD347B0A49}.Debug|Any CPU.Build.0 = Debug|Any CPU
		{9C82D878-F086-49F1-BB57-E7BD347B0A49}.Release|Any CPU.ActiveCfg = Debug|Any CPU
		{9C82D878-F086-49F1-BB57-E7BD347B0A49}.Release|Any CPU.Build.0 = Debug|Any CPU
		{4707D748-FAAD-4A25-8107-E05C5CDA9136}.Debug|Any CPU.ActiveCfg = Debug|Any CPU
		{4707D748-FAAD-4A25-8107-E05C5CDA9136}.Debug|Any CPU.Build.0 = Debug|Any CPU
		{4707D748-FAAD-4A25-8107-E05C5CDA9136}.Release|Any CPU.ActiveCfg = Release|Any CPU
		{4707D748-FAAD-4A25-8107-E05C5CDA9136}.Release|Any CPU.Build.0 = Release|Any CPU
		{5EAEA062-E23B-45D5-87F8-1CD8177E4CEC}.Debug|Any CPU.ActiveCfg = Debug|Any CPU
		{5EAEA062-E23B-45D5-87F8-1CD8177E4CEC}.Debug|Any CPU.Build.0 = Debug|Any CPU
		{5EAEA062-E23B-45D5-87F8-1CD8177E4CEC}.Release|Any CPU.ActiveCfg = Release|Any CPU
		{5EAEA062-E23B-45D5-87F8-1CD8177E4CEC}.Release|Any CPU.Build.0 = Release|Any CPU
		{8E631585-341A-4283-8BFF-0C8C78C342B7}.Debug|Any CPU.ActiveCfg = Debug|Any CPU
		{8E631585-341A-4283-8BFF-0C8C78C342B7}.Debug|Any CPU.Build.0 = Debug|Any CPU
		{8E631585-341A-4283-8BFF-0C8C78C342B7}.Release|Any CPU.ActiveCfg = Release|Any CPU
		{8E631585-341A-4283-8BFF-0C8C78C342B7}.Release|Any CPU.Build.0 = Release|Any CPU
		{E5C981A9-3CDE-494E-92A5-14A34FF25C0A}.Debug|Any CPU.ActiveCfg = Debug|Any CPU
		{E5C981A9-3CDE-494E-92A5-14A34FF25C0A}.Debug|Any CPU.Build.0 = Debug|Any CPU
		{E5C981A9-3CDE-494E-92A5-14A34FF25C0A}.Release|Any CPU.ActiveCfg = Release|Any CPU
		{E5C981A9-3CDE-494E-92A5-14A34FF25C0A}.Release|Any CPU.Build.0 = Release|Any CPU
	EndGlobalSection
	GlobalSection(SolutionProperties) = preSolution
		HideSolutionNode = FALSE
	EndGlobalSection
EndGlobal
